
Microsoft Visual Studio Solution File, Format Version 12.00
# Visual Studio Version 16
VisualStudioVersion = 16.0.29503.13
MinimumVisualStudioVersion = 10.0.40219.1
Project("{2150E333-8FDC-42A3-9474-1A3956D46DE8}") = "gitignore", "gitignore", "{72EF302C-E997-4705-8A5C-8EA0D964D180}"
	ProjectSection(SolutionItems) = preProject
		..\..\..\Downloads\gitignore = ..\..\..\Downloads\gitignore
	EndProjectSection
EndProject
Project("{2150E333-8FDC-42A3-9474-1A3956D46DE8}") = "Solution Items", "Solution Items", "{91FADD7C-F9B3-4498-9646-297FF5497DCE}"
	ProjectSection(SolutionItems) = preProject
		..\..\..\Downloads\README.md = ..\..\..\Downloads\README.md
	EndProjectSection
EndProject
Project("{9A19103F-16F7-4668-BE54-9A1E7A4F7556}") = "Festival.Data", "Festival.Data\Festival.Data.csproj", "{78D136F1-9F80-4B6B-A77A-06DF8338E27E}"
EndProject
Project("{9A19103F-16F7-4668-BE54-9A1E7A4F7556}") = "Festival.Web", "Festival.Web\Festival.Web.csproj", "{484C7C46-09AA-4062-814E-533731002295}"
EndProject
Project("{9A19103F-16F7-4668-BE54-9A1E7A4F7556}") = "Festival.Security", "Festival.Security\Festival.Security.csproj", "{8B89B14B-2C3D-4850-84AB-60D94B754D2C}"
EndProject
Global
	GlobalSection(SolutionConfigurationPlatforms) = preSolution
		Debug|Any CPU = Debug|Any CPU
		Release|Any CPU = Release|Any CPU
	EndGlobalSection
	GlobalSection(ProjectConfigurationPlatforms) = postSolution
		{78D136F1-9F80-4B6B-A77A-06DF8338E27E}.Debug|Any CPU.ActiveCfg = Debug|Any CPU
		{78D136F1-9F80-4B6B-A77A-06DF8338E27E}.Debug|Any CPU.Build.0 = Debug|Any CPU
		{78D136F1-9F80-4B6B-A77A-06DF8338E27E}.Release|Any CPU.ActiveCfg = Release|Any CPU
		{78D136F1-9F80-4B6B-A77A-06DF8338E27E}.Release|Any CPU.Build.0 = Release|Any CPU
		{484C7C46-09AA-4062-814E-533731002295}.Debug|Any CPU.ActiveCfg = Debug|Any CPU
		{484C7C46-09AA-4062-814E-533731002295}.Debug|Any CPU.Build.0 = Debug|Any CPU
		{484C7C46-09AA-4062-814E-533731002295}.Release|Any CPU.ActiveCfg = Release|Any CPU
		{484C7C46-09AA-4062-814E-533731002295}.Release|Any CPU.Build.0 = Release|Any CPU
		{8B89B14B-2C3D-4850-84AB-60D94B754D2C}.Debug|Any CPU.ActiveCfg = Debug|Any CPU
		{8B89B14B-2C3D-4850-84AB-60D94B754D2C}.Debug|Any CPU.Build.0 = Debug|Any CPU
		{8B89B14B-2C3D-4850-84AB-60D94B754D2C}.Release|Any CPU.ActiveCfg = Release|Any CPU
		{8B89B14B-2C3D-4850-84AB-60D94B754D2C}.Release|Any CPU.Build.0 = Release|Any CPU
	EndGlobalSection
	GlobalSection(SolutionProperties) = preSolution
		HideSolutionNode = FALSE
	EndGlobalSection
	GlobalSection(ExtensibilityGlobals) = postSolution
		SolutionGuid = {590F8B71-2092-4EE6-BEC7-5147D3C406B8}
	EndGlobalSection
EndGlobal
